// !$*UTF8*$!
{
	archiveVersion = 1;
	classes = {
	};
	objectVersion = 51;
	objects = {

/* Begin PBXBuildFile section */
		1541FE2D7CD9B29C5593DEFE /* Pods_TrainingRecord.framework in Frameworks */ = {isa = PBXBuildFile; fileRef = D032382635E4E079E5DCED0F /* Pods_TrainingRecord.framework */; };
		DC00C5DF2685DFAF00161DBA /* Timer.swift in Sources */ = {isa = PBXBuildFile; fileRef = DC00C5DE2685DFAF00161DBA /* Timer.swift */; };
		DC0D7A1E26E33DEA0067761D /* CVCCalenderViewController.swift in Sources */ = {isa = PBXBuildFile; fileRef = DC0D7A1D26E33DEA0067761D /* CVCCalenderViewController.swift */; };
		DC2276A4267F273C00D0EEF6 /* ManageTrainSetVC.swift in Sources */ = {isa = PBXBuildFile; fileRef = DC2276A3267F273C00D0EEF6 /* ManageTrainSetVC.swift */; };
		DC25D8D22689F4B5002DB3B2 /* RecordItem.swift in Sources */ = {isa = PBXBuildFile; fileRef = DC25D8D12689F4B5002DB3B2 /* RecordItem.swift */; };
		DC3B65CE26ECB7E600920590 /* UserNotificationWithCalendarTrigger.swift in Sources */ = {isa = PBXBuildFile; fileRef = DC3B65CD26ECB7E500920590 /* UserNotificationWithCalendarTrigger.swift */; };
		DC3D5BB626F18BAF00D10433 /* CoreDataHelper.swift in Sources */ = {isa = PBXBuildFile; fileRef = DC3D5BB526F18BAF00D10433 /* CoreDataHelper.swift */; };
		DC4169A426D2417700BFB4CB /* StringExtension.swift in Sources */ = {isa = PBXBuildFile; fileRef = DC4169A326D2417700BFB4CB /* StringExtension.swift */; };
		DC42096C26DE036F00518879 /* MBProgressHUD.m in Sources */ = {isa = PBXBuildFile; fileRef = DC42096B26DE036F00518879 /* MBProgressHUD.m */; };
		DC491B3A26E78E1D001CB228 /* Assets.xcassets in Resources */ = {isa = PBXBuildFile; fileRef = DC491B3926E78E1D001CB228 /* Assets.xcassets */; };
		DC52D03C26E84ADC00E13DB3 /* UIViewCapture.swift in Sources */ = {isa = PBXBuildFile; fileRef = DC52D03B26E84ADC00E13DB3 /* UIViewCapture.swift */; };
		DC5E7E9726EB2ACB008E1797 /* TrainingReminderViewController.swift in Sources */ = {isa = PBXBuildFile; fileRef = DC5E7E9626EB2ACB008E1797 /* TrainingReminderViewController.swift */; };
		DC62BC1726A806CD00B245F6 /* SystemTableViewController.swift in Sources */ = {isa = PBXBuildFile; fileRef = DC62BC1626A806CD00B245F6 /* SystemTableViewController.swift */; };
		DC62BC1926A806F700B245F6 /* InfoTableViewController.swift in Sources */ = {isa = PBXBuildFile; fileRef = DC62BC1826A806F700B245F6 /* InfoTableViewController.swift */; };
		DC7D8870266262AB008CFDAE /* TrainingItem+InfoitemForFireStore.swift in Sources */ = {isa = PBXBuildFile; fileRef = DC7D886F266262AB008CFDAE /* TrainingItem+InfoitemForFireStore.swift */; };
		DC7F813C26F0F53B00439D0F /* ManageTrainingItem.swift in Sources */ = {isa = PBXBuildFile; fileRef = DC7F813B26F0F53B00439D0F /* ManageTrainingItem.swift */; };
		DC94415126A424E500A4A3ED /* GoogleService-Info.plist in Resources */ = {isa = PBXBuildFile; fileRef = DC94415026A424E500A4A3ED /* GoogleService-Info.plist */; };
		DC96E66726B927AB003AD4CD /* MemberSignUpViewController.swift in Sources */ = {isa = PBXBuildFile; fileRef = DC96E66626B927AB003AD4CD /* MemberSignUpViewController.swift */; };
		DC96E66926B929F8003AD4CD /* MemberAlreadyLoginViewController.swift in Sources */ = {isa = PBXBuildFile; fileRef = DC96E66826B929F8003AD4CD /* MemberAlreadyLoginViewController.swift */; };
		DC96E66B26BA6F11003AD4CD /* MemberLoginViewController.swift in Sources */ = {isa = PBXBuildFile; fileRef = DC96E66A26BA6F11003AD4CD /* MemberLoginViewController.swift */; };
		DC96E66D26BAC652003AD4CD /* SystemMemberViewController.swift in Sources */ = {isa = PBXBuildFile; fileRef = DC96E66C26BAC650003AD4CD /* SystemMemberViewController.swift */; };
		DCA9913D26BBE71900C08E5D /* MemberUserDataToSystem.swift in Sources */ = {isa = PBXBuildFile; fileRef = DCA9913C26BBE71900C08E5D /* MemberUserDataToSystem.swift */; };
		DCA9E34326D60E1B00964F02 /* RemoveTrainingItemViewController.swift in Sources */ = {isa = PBXBuildFile; fileRef = DCA9E34226D60E1B00964F02 /* RemoveTrainingItemViewController.swift */; };
		DCA9E34526D60E4100964F02 /* EditTrainingItemViewController.swift in Sources */ = {isa = PBXBuildFile; fileRef = DCA9E34426D60E4100964F02 /* EditTrainingItemViewController.swift */; };
		DCC2AF8A26C50D4C00087FA6 /* BeepGo.m4a in Resources */ = {isa = PBXBuildFile; fileRef = DCC2AF8726C50D4A00087FA6 /* BeepGo.m4a */; };
		DCC2AF8B26C50D4C00087FA6 /* Radar.mp3 in Resources */ = {isa = PBXBuildFile; fileRef = DCC2AF8826C50D4A00087FA6 /* Radar.mp3 */; };
		DCC2AF8C26C50D4C00087FA6 /* BeepPrepare.m4a in Resources */ = {isa = PBXBuildFile; fileRef = DCC2AF8926C50D4A00087FA6 /* BeepPrepare.m4a */; };
		DCC2AF8E26C50DD300087FA6 /* AVFoundation.swift in Sources */ = {isa = PBXBuildFile; fileRef = DCC2AF8D26C50DD300087FA6 /* AVFoundation.swift */; };
		DCC7D13B26529D290040DFA8 /* AppDelegate.swift in Sources */ = {isa = PBXBuildFile; fileRef = DCC7D13A26529D290040DFA8 /* AppDelegate.swift */; };
		DCC7D13D26529D290040DFA8 /* SceneDelegate.swift in Sources */ = {isa = PBXBuildFile; fileRef = DCC7D13C26529D290040DFA8 /* SceneDelegate.swift */; };
		DCC7D13F26529D290040DFA8 /* TrainRecordHomeVC.swift in Sources */ = {isa = PBXBuildFile; fileRef = DCC7D13E26529D290040DFA8 /* TrainRecordHomeVC.swift */; };
		DCC7D14226529D290040DFA8 /* Main.storyboard in Resources */ = {isa = PBXBuildFile; fileRef = DCC7D14026529D290040DFA8 /* Main.storyboard */; };
		DCC7D14526529D290040DFA8 /* TrainingRecord.xcdatamodeld in Sources */ = {isa = PBXBuildFile; fileRef = DCC7D14326529D290040DFA8 /* TrainingRecord.xcdatamodeld */; };
		DCC7D14A26529D2C0040DFA8 /* LaunchScreen.storyboard in Resources */ = {isa = PBXBuildFile; fileRef = DCC7D14826529D2C0040DFA8 /* LaunchScreen.storyboard */; };
		DCEC8ED426BFBAC8003CC74A /* ShareViewController.swift in Sources */ = {isa = PBXBuildFile; fileRef = DCEC8ED326BFBAC8003CC74A /* ShareViewController.swift */; };
		DCEC8ED726C00A5F003CC74A /* ShareTableViewCell.swift in Sources */ = {isa = PBXBuildFile; fileRef = DCEC8ED526C00A5F003CC74A /* ShareTableViewCell.swift */; };
		DCEC8ED826C00A5F003CC74A /* ShareTableViewCell.xib in Resources */ = {isa = PBXBuildFile; fileRef = DCEC8ED626C00A5F003CC74A /* ShareTableViewCell.xib */; };
		DCF0A8F626DCC406000CB0E1 /* UIImageExtension.swift in Sources */ = {isa = PBXBuildFile; fileRef = DCF0A8F526DCC406000CB0E1 /* UIImageExtension.swift */; };
		DCF123AE2655011F00CB9307 /* NewTrainingItemViewController.swift in Sources */ = {isa = PBXBuildFile; fileRef = DCF123AD2655011F00CB9307 /* NewTrainingItemViewController.swift */; };
		DCF82A0D26E9E67B009E74BD /* SharedTableViewCell.xib in Resources */ = {isa = PBXBuildFile; fileRef = DCF82A0B26E9E679009E74BD /* SharedTableViewCell.xib */; };
		DCF82A0E26E9E67B009E74BD /* SharedTableViewCell.swift in Sources */ = {isa = PBXBuildFile; fileRef = DCF82A0C26E9E67B009E74BD /* SharedTableViewCell.swift */; };
/* End PBXBuildFile section */

/* Begin PBXFileReference section */
		0C60D6D0CE30E107ED5C95EF /* Pods-TrainingRecord.release.xcconfig */ = {isa = PBXFileReference; includeInIndex = 1; lastKnownFileType = text.xcconfig; name = "Pods-TrainingRecord.release.xcconfig"; path = "Target Support Files/Pods-TrainingRecord/Pods-TrainingRecord.release.xcconfig"; sourceTree = "<group>"; };
		327C17A402412E3E5D897535 /* Pods-TrainingRecord.debug.xcconfig */ = {isa = PBXFileReference; includeInIndex = 1; lastKnownFileType = text.xcconfig; name = "Pods-TrainingRecord.debug.xcconfig"; path = "Target Support Files/Pods-TrainingRecord/Pods-TrainingRecord.debug.xcconfig"; sourceTree = "<group>"; };
		D032382635E4E079E5DCED0F /* Pods_TrainingRecord.framework */ = {isa = PBXFileReference; explicitFileType = wrapper.framework; includeInIndex = 0; path = Pods_TrainingRecord.framework; sourceTree = BUILT_PRODUCTS_DIR; };
		DC00C5DE2685DFAF00161DBA /* Timer.swift */ = {isa = PBXFileReference; lastKnownFileType = sourcecode.swift; path = Timer.swift; sourceTree = "<group>"; };
		DC0D7A1D26E33DEA0067761D /* CVCCalenderViewController.swift */ = {isa = PBXFileReference; lastKnownFileType = sourcecode.swift; path = CVCCalenderViewController.swift; sourceTree = "<group>"; };
		DC2276A3267F273C00D0EEF6 /* ManageTrainSetVC.swift */ = {isa = PBXFileReference; lastKnownFileType = sourcecode.swift; path = ManageTrainSetVC.swift; sourceTree = "<group>"; };
		DC25D8D12689F4B5002DB3B2 /* RecordItem.swift */ = {isa = PBXFileReference; lastKnownFileType = sourcecode.swift; path = RecordItem.swift; sourceTree = "<group>"; };
		DC3B65CD26ECB7E500920590 /* UserNotificationWithCalendarTrigger.swift */ = {isa = PBXFileReference; lastKnownFileType = sourcecode.swift; path = UserNotificationWithCalendarTrigger.swift; sourceTree = "<group>"; };
		DC3C59FB26EE1C9A00ED444A /* zh-Hant */ = {isa = PBXFileReference; lastKnownFileType = text.plist.strings; name = "zh-Hant"; path = "zh-Hant.lproj/Main.strings"; sourceTree = "<group>"; };
		DC3C59FC26EE1CA700ED444A /* zh-Hant */ = {isa = PBXFileReference; lastKnownFileType = text.plist.strings; name = "zh-Hant"; path = "zh-Hant.lproj/LaunchScreen.strings"; sourceTree = "<group>"; };
		DC3D5BB526F18BAF00D10433 /* CoreDataHelper.swift */ = {isa = PBXFileReference; fileEncoding = 4; lastKnownFileType = sourcecode.swift; name = CoreDataHelper.swift; path = ../../../../EEElecture/UIKit/MAPD35/NoteApp3copy/NoteApp/Model/CoreDataHelper.swift; sourceTree = "<group>"; };
		DC4169A326D2417700BFB4CB /* StringExtension.swift */ = {isa = PBXFileReference; lastKnownFileType = sourcecode.swift; path = StringExtension.swift; sourceTree = "<group>"; };
		DC42096926DE036B00518879 /* TrainingRecord-Bridging-Header.h */ = {isa = PBXFileReference; lastKnownFileType = sourcecode.c.h; path = "TrainingRecord-Bridging-Header.h"; sourceTree = "<group>"; };
		DC42096A26DE036E00518879 /* MBProgressHUD.h */ = {isa = PBXFileReference; fileEncoding = 4; lastKnownFileType = sourcecode.c.h; path = MBProgressHUD.h; sourceTree = "<group>"; };
		DC42096B26DE036F00518879 /* MBProgressHUD.m */ = {isa = PBXFileReference; fileEncoding = 4; lastKnownFileType = sourcecode.c.objc; path = MBProgressHUD.m; sourceTree = "<group>"; };
		DC491B3726E7727D001CB228 /* Base */ = {isa = PBXFileReference; lastKnownFileType = file.storyboard; name = Base; path = Base.lproj/Main.storyboard; sourceTree = "<group>"; };
		DC491B3826E7727E001CB228 /* Base */ = {isa = PBXFileReference; lastKnownFileType = file.storyboard; name = Base; path = Base.lproj/LaunchScreen.storyboard; sourceTree = "<group>"; };
		DC491B3926E78E1D001CB228 /* Assets.xcassets */ = {isa = PBXFileReference; lastKnownFileType = folder.assetcatalog; path = Assets.xcassets; sourceTree = "<group>"; };
		DC4BA03F26E578F400C598DF /* TrainingRecord.entitlements */ = {isa = PBXFileReference; lastKnownFileType = text.plist.entitlements; path = TrainingRecord.entitlements; sourceTree = "<group>"; };
		DC52D03B26E84ADC00E13DB3 /* UIViewCapture.swift */ = {isa = PBXFileReference; lastKnownFileType = sourcecode.swift; path = UIViewCapture.swift; sourceTree = "<group>"; };
		DC5E7E9626EB2ACB008E1797 /* TrainingReminderViewController.swift */ = {isa = PBXFileReference; lastKnownFileType = sourcecode.swift; path = TrainingReminderViewController.swift; sourceTree = "<group>"; };
		DC62BC1626A806CD00B245F6 /* SystemTableViewController.swift */ = {isa = PBXFileReference; lastKnownFileType = sourcecode.swift; path = SystemTableViewController.swift; sourceTree = "<group>"; };
		DC62BC1826A806F700B245F6 /* InfoTableViewController.swift */ = {isa = PBXFileReference; lastKnownFileType = sourcecode.swift; path = InfoTableViewController.swift; sourceTree = "<group>"; };
		DC7D886F266262AB008CFDAE /* TrainingItem+InfoitemForFireStore.swift */ = {isa = PBXFileReference; lastKnownFileType = sourcecode.swift; path = "TrainingItem+InfoitemForFireStore.swift"; sourceTree = "<group>"; };
		DC7F813B26F0F53B00439D0F /* ManageTrainingItem.swift */ = {isa = PBXFileReference; lastKnownFileType = sourcecode.swift; path = ManageTrainingItem.swift; sourceTree = "<group>"; };
		DC94415026A424E500A4A3ED /* GoogleService-Info.plist */ = {isa = PBXFileReference; fileEncoding = 4; lastKnownFileType = text.plist.xml; path = "GoogleService-Info.plist"; sourceTree = "<group>"; };
		DC96E66626B927AB003AD4CD /* MemberSignUpViewController.swift */ = {isa = PBXFileReference; lastKnownFileType = sourcecode.swift; path = MemberSignUpViewController.swift; sourceTree = "<group>"; };
		DC96E66826B929F8003AD4CD /* MemberAlreadyLoginViewController.swift */ = {isa = PBXFileReference; lastKnownFileType = sourcecode.swift; path = MemberAlreadyLoginViewController.swift; sourceTree = "<group>"; };
		DC96E66A26BA6F11003AD4CD /* MemberLoginViewController.swift */ = {isa = PBXFileReference; lastKnownFileType = sourcecode.swift; path = MemberLoginViewController.swift; sourceTree = "<group>"; };
		DC96E66C26BAC650003AD4CD /* SystemMemberViewController.swift */ = {isa = PBXFileReference; lastKnownFileType = sourcecode.swift; path = SystemMemberViewController.swift; sourceTree = "<group>"; };
		DCA9913C26BBE71900C08E5D /* MemberUserDataToSystem.swift */ = {isa = PBXFileReference; lastKnownFileType = sourcecode.swift; path = MemberUserDataToSystem.swift; sourceTree = "<group>"; };
		DCA9E34226D60E1B00964F02 /* RemoveTrainingItemViewController.swift */ = {isa = PBXFileReference; lastKnownFileType = sourcecode.swift; path = RemoveTrainingItemViewController.swift; sourceTree = "<group>"; };
		DCA9E34426D60E4100964F02 /* EditTrainingItemViewController.swift */ = {isa = PBXFileReference; lastKnownFileType = sourcecode.swift; path = EditTrainingItemViewController.swift; sourceTree = "<group>"; };
		DCC2AF8726C50D4A00087FA6 /* BeepGo.m4a */ = {isa = PBXFileReference; lastKnownFileType = file; path = BeepGo.m4a; sourceTree = "<group>"; };
		DCC2AF8826C50D4A00087FA6 /* Radar.mp3 */ = {isa = PBXFileReference; lastKnownFileType = audio.mp3; path = Radar.mp3; sourceTree = "<group>"; };
		DCC2AF8926C50D4A00087FA6 /* BeepPrepare.m4a */ = {isa = PBXFileReference; lastKnownFileType = file; path = BeepPrepare.m4a; sourceTree = "<group>"; };
		DCC2AF8D26C50DD300087FA6 /* AVFoundation.swift */ = {isa = PBXFileReference; lastKnownFileType = sourcecode.swift; path = AVFoundation.swift; sourceTree = "<group>"; };
		DCC7D13726529D290040DFA8 /* 健身小幫手.app */ = {isa = PBXFileReference; explicitFileType = wrapper.application; includeInIndex = 0; path = "健身小幫手.app"; sourceTree = BUILT_PRODUCTS_DIR; };
		DCC7D13A26529D290040DFA8 /* AppDelegate.swift */ = {isa = PBXFileReference; lastKnownFileType = sourcecode.swift; path = AppDelegate.swift; sourceTree = "<group>"; };
		DCC7D13C26529D290040DFA8 /* SceneDelegate.swift */ = {isa = PBXFileReference; lastKnownFileType = sourcecode.swift; path = SceneDelegate.swift; sourceTree = "<group>"; };
		DCC7D13E26529D290040DFA8 /* TrainRecordHomeVC.swift */ = {isa = PBXFileReference; lastKnownFileType = sourcecode.swift; path = TrainRecordHomeVC.swift; sourceTree = "<group>"; };
		DCC7D14426529D290040DFA8 /* TrainingRecord.xcdatamodel */ = {isa = PBXFileReference; lastKnownFileType = wrapper.xcdatamodel; path = TrainingRecord.xcdatamodel; sourceTree = "<group>"; };
		DCC7D14B26529D2C0040DFA8 /* Info.plist */ = {isa = PBXFileReference; lastKnownFileType = text.plist.xml; path = Info.plist; sourceTree = "<group>"; };
		DCEC8ED326BFBAC8003CC74A /* ShareViewController.swift */ = {isa = PBXFileReference; lastKnownFileType = sourcecode.swift; path = ShareViewController.swift; sourceTree = "<group>"; };
		DCEC8ED526C00A5F003CC74A /* ShareTableViewCell.swift */ = {isa = PBXFileReference; lastKnownFileType = sourcecode.swift; path = ShareTableViewCell.swift; sourceTree = "<group>"; };
		DCEC8ED626C00A5F003CC74A /* ShareTableViewCell.xib */ = {isa = PBXFileReference; lastKnownFileType = file.xib; path = ShareTableViewCell.xib; sourceTree = "<group>"; };
		DCF0A8F526DCC406000CB0E1 /* UIImageExtension.swift */ = {isa = PBXFileReference; lastKnownFileType = sourcecode.swift; path = UIImageExtension.swift; sourceTree = "<group>"; };
		DCF123AD2655011F00CB9307 /* NewTrainingItemViewController.swift */ = {isa = PBXFileReference; lastKnownFileType = sourcecode.swift; path = NewTrainingItemViewController.swift; sourceTree = "<group>"; };
		DCF82A0B26E9E679009E74BD /* SharedTableViewCell.xib */ = {isa = PBXFileReference; fileEncoding = 4; lastKnownFileType = file.xib; path = SharedTableViewCell.xib; sourceTree = "<group>"; };
		DCF82A0C26E9E67B009E74BD /* SharedTableViewCell.swift */ = {isa = PBXFileReference; fileEncoding = 4; lastKnownFileType = sourcecode.swift; path = SharedTableViewCell.swift; sourceTree = "<group>"; };
/* End PBXFileReference section */

/* Begin PBXFrameworksBuildPhase section */
		DCC7D13426529D290040DFA8 /* Frameworks */ = {
			isa = PBXFrameworksBuildPhase;
			buildActionMask = 2147483647;
			files = (
				1541FE2D7CD9B29C5593DEFE /* Pods_TrainingRecord.framework in Frameworks */,
			);
			runOnlyForDeploymentPostprocessing = 0;
		};
/* End PBXFrameworksBuildPhase section */

/* Begin PBXGroup section */
		019607CB453C8B7201EB8C11 /* Frameworks */ = {
			isa = PBXGroup;
			children = (
				D032382635E4E079E5DCED0F /* Pods_TrainingRecord.framework */,
			);
			name = Frameworks;
			sourceTree = "<group>";
		};
		37BB88EB0C0A9D2F24913FFA /* Pods */ = {
			isa = PBXGroup;
			children = (
				327C17A402412E3E5D897535 /* Pods-TrainingRecord.debug.xcconfig */,
				0C60D6D0CE30E107ED5C95EF /* Pods-TrainingRecord.release.xcconfig */,
			);
			path = Pods;
			sourceTree = "<group>";
		};
		DCA1C0B626635F1400D3A687 /* Controller */ = {
			isa = PBXGroup;
			children = (
				DCF123AD2655011F00CB9307 /* NewTrainingItemViewController.swift */,
				DC96E66826B929F8003AD4CD /* MemberAlreadyLoginViewController.swift */,
				DC62BC1626A806CD00B245F6 /* SystemTableViewController.swift */,
				DC5E7E9626EB2ACB008E1797 /* TrainingReminderViewController.swift */,
				DC96E66626B927AB003AD4CD /* MemberSignUpViewController.swift */,
				DCC7D13E26529D290040DFA8 /* TrainRecordHomeVC.swift */,
				DCA9E34226D60E1B00964F02 /* RemoveTrainingItemViewController.swift */,
				DC62BC1826A806F700B245F6 /* InfoTableViewController.swift */,
				DCA9E34426D60E4100964F02 /* EditTrainingItemViewController.swift */,
				DC96E66A26BA6F11003AD4CD /* MemberLoginViewController.swift */,
				DC96E66C26BAC650003AD4CD /* SystemMemberViewController.swift */,
				DC0D7A1D26E33DEA0067761D /* CVCCalenderViewController.swift */,
				DC2276A3267F273C00D0EEF6 /* ManageTrainSetVC.swift */,
				DCEC8ED326BFBAC8003CC74A /* ShareViewController.swift */,
			);
			path = Controller;
			sourceTree = "<group>";
		};
		DCA1C0B726635F7900D3A687 /* Storyboard */ = {
			isa = PBXGroup;
			children = (
				DCC7D14026529D290040DFA8 /* Main.storyboard */,
				DCC7D14826529D2C0040DFA8 /* LaunchScreen.storyboard */,
			);
			path = Storyboard;
			sourceTree = "<group>";
		};
		DCA1C0B826635F8600D3A687 /* Model */ = {
			isa = PBXGroup;
			children = (
				DC3D5BB526F18BAF00D10433 /* CoreDataHelper.swift */,
				DC42096A26DE036E00518879 /* MBProgressHUD.h */,
				DC42096B26DE036F00518879 /* MBProgressHUD.m */,
				DCC7D14326529D290040DFA8 /* TrainingRecord.xcdatamodeld */,
				DC3B65CD26ECB7E500920590 /* UserNotificationWithCalendarTrigger.swift */,
				DC00C5DE2685DFAF00161DBA /* Timer.swift */,
				DCC2AF8D26C50DD300087FA6 /* AVFoundation.swift */,
				DC491B3926E78E1D001CB228 /* Assets.xcassets */,
				DCA9913C26BBE71900C08E5D /* MemberUserDataToSystem.swift */,
				DC7D886F266262AB008CFDAE /* TrainingItem+InfoitemForFireStore.swift */,
				DC25D8D12689F4B5002DB3B2 /* RecordItem.swift */,
				DC42096926DE036B00518879 /* TrainingRecord-Bridging-Header.h */,
				DC7F813B26F0F53B00439D0F /* ManageTrainingItem.swift */,
			);
			path = Model;
			sourceTree = "<group>";
		};
		DCC2AF8626C50D4A00087FA6 /* Ring */ = {
			isa = PBXGroup;
			children = (
				DCC2AF8726C50D4A00087FA6 /* BeepGo.m4a */,
				DCC2AF8826C50D4A00087FA6 /* Radar.mp3 */,
				DCC2AF8926C50D4A00087FA6 /* BeepPrepare.m4a */,
			);
			path = Ring;
			sourceTree = "<group>";
		};
		DCC7D12E26529D290040DFA8 = {
			isa = PBXGroup;
			children = (
				DCC7D13926529D290040DFA8 /* TrainingRecord */,
				DCC7D13826529D290040DFA8 /* Products */,
				37BB88EB0C0A9D2F24913FFA /* Pods */,
				019607CB453C8B7201EB8C11 /* Frameworks */,
			);
			sourceTree = "<group>";
		};
		DCC7D13826529D290040DFA8 /* Products */ = {
			isa = PBXGroup;
			children = (
				DCC7D13726529D290040DFA8 /* 健身小幫手.app */,
			);
			name = Products;
			sourceTree = "<group>";
		};
		DCC7D13926529D290040DFA8 /* TrainingRecord */ = {
			isa = PBXGroup;
			children = (
				DC4BA03F26E578F400C598DF /* TrainingRecord.entitlements */,
				DCF0A8F426DCC2AC000CB0E1 /* Extension */,
				DCF0A8F326DCC297000CB0E1 /* View */,
				DCC7D13A26529D290040DFA8 /* AppDelegate.swift */,
				DCC7D13C26529D290040DFA8 /* SceneDelegate.swift */,
				DCC2AF8626C50D4A00087FA6 /* Ring */,
				DCA1C0B626635F1400D3A687 /* Controller */,
				DCA1C0B826635F8600D3A687 /* Model */,
				DCA1C0B726635F7900D3A687 /* Storyboard */,
				DCC7D14B26529D2C0040DFA8 /* Info.plist */,
				DC94415026A424E500A4A3ED /* GoogleService-Info.plist */,
			);
			path = TrainingRecord;
			sourceTree = "<group>";
		};
		DCF0A8F326DCC297000CB0E1 /* View */ = {
			isa = PBXGroup;
			children = (
				DCF82A0C26E9E67B009E74BD /* SharedTableViewCell.swift */,
				DCF82A0B26E9E679009E74BD /* SharedTableViewCell.xib */,
				DCEC8ED526C00A5F003CC74A /* ShareTableViewCell.swift */,
				DCEC8ED626C00A5F003CC74A /* ShareTableViewCell.xib */,
			);
			path = View;
			sourceTree = "<group>";
		};
		DCF0A8F426DCC2AC000CB0E1 /* Extension */ = {
			isa = PBXGroup;
			children = (
				DC4169A326D2417700BFB4CB /* StringExtension.swift */,
				DCF0A8F526DCC406000CB0E1 /* UIImageExtension.swift */,
				DC52D03B26E84ADC00E13DB3 /* UIViewCapture.swift */,
			);
			path = Extension;
			sourceTree = "<group>";
		};
/* End PBXGroup section */

/* Begin PBXNativeTarget section */
		DCC7D13626529D290040DFA8 /* 健身小幫手 */ = {
			isa = PBXNativeTarget;
			buildConfigurationList = DCC7D14E26529D2C0040DFA8 /* Build configuration list for PBXNativeTarget "健身小幫手" */;
			buildPhases = (
				69492BBD4DA989666972853B /* [CP] Check Pods Manifest.lock */,
				DCC7D13326529D290040DFA8 /* Sources */,
				DCC7D13426529D290040DFA8 /* Frameworks */,
				DCC7D13526529D290040DFA8 /* Resources */,
				57613F31EF88FCD2D16F7097 /* [CP] Embed Pods Frameworks */,
				DCC2AF8326C2788F00087FA6 /* ShellScript */,
			);
			buildRules = (
			);
			dependencies = (
			);
			name = "健身小幫手";
			productName = TrainingRecord;
			productReference = DCC7D13726529D290040DFA8 /* 健身小幫手.app */;
			productType = "com.apple.product-type.application";
		};
/* End PBXNativeTarget section */

/* Begin PBXProject section */
		DCC7D12F26529D290040DFA8 /* Project object */ = {
			isa = PBXProject;
			attributes = {
				LastSwiftUpdateCheck = 1250;
				LastUpgradeCheck = 1250;
				TargetAttributes = {
					DCC7D13626529D290040DFA8 = {
						CreatedOnToolsVersion = 12.5;
						LastSwiftMigration = 1250;
					};
				};
			};
			buildConfigurationList = DCC7D13226529D290040DFA8 /* Build configuration list for PBXProject "健身小幫手" */;
			compatibilityVersion = "Xcode 9.3";
			developmentRegion = en;
			hasScannedForEncodings = 0;
			knownRegions = (
				en,
				Base,
				"zh-Hant",
			);
			mainGroup = DCC7D12E26529D290040DFA8;
			productRefGroup = DCC7D13826529D290040DFA8 /* Products */;
			projectDirPath = "";
			projectRoot = "";
			targets = (
				DCC7D13626529D290040DFA8 /* 健身小幫手 */,
			);
		};
/* End PBXProject section */

/* Begin PBXResourcesBuildPhase section */
		DCC7D13526529D290040DFA8 /* Resources */ = {
			isa = PBXResourcesBuildPhase;
			buildActionMask = 2147483647;
			files = (
				DCC2AF8A26C50D4C00087FA6 /* BeepGo.m4a in Resources */,
				DCC7D14A26529D2C0040DFA8 /* LaunchScreen.storyboard in Resources */,
				DCC2AF8C26C50D4C00087FA6 /* BeepPrepare.m4a in Resources */,
				DCC2AF8B26C50D4C00087FA6 /* Radar.mp3 in Resources */,
				DCEC8ED826C00A5F003CC74A /* ShareTableViewCell.xib in Resources */,
				DCF82A0D26E9E67B009E74BD /* SharedTableViewCell.xib in Resources */,
				DC94415126A424E500A4A3ED /* GoogleService-Info.plist in Resources */,
				DC491B3A26E78E1D001CB228 /* Assets.xcassets in Resources */,
				DCC7D14226529D290040DFA8 /* Main.storyboard in Resources */,
			);
			runOnlyForDeploymentPostprocessing = 0;
		};
/* End PBXResourcesBuildPhase section */

/* Begin PBXShellScriptBuildPhase section */
		57613F31EF88FCD2D16F7097 /* [CP] Embed Pods Frameworks */ = {
			isa = PBXShellScriptBuildPhase;
			buildActionMask = 2147483647;
			files = (
			);
			inputFileListPaths = (
				"${PODS_ROOT}/Target Support Files/Pods-TrainingRecord/Pods-TrainingRecord-frameworks-${CONFIGURATION}-input-files.xcfilelist",
			);
			name = "[CP] Embed Pods Frameworks";
			outputFileListPaths = (
				"${PODS_ROOT}/Target Support Files/Pods-TrainingRecord/Pods-TrainingRecord-frameworks-${CONFIGURATION}-output-files.xcfilelist",
			);
			runOnlyForDeploymentPostprocessing = 0;
			shellPath = /bin/sh;
			shellScript = "\"${PODS_ROOT}/Target Support Files/Pods-TrainingRecord/Pods-TrainingRecord-frameworks.sh\"\n";
			showEnvVarsInLog = 0;
		};
		69492BBD4DA989666972853B /* [CP] Check Pods Manifest.lock */ = {
			isa = PBXShellScriptBuildPhase;
			buildActionMask = 2147483647;
			files = (
			);
			inputFileListPaths = (
			);
			inputPaths = (
				"${PODS_PODFILE_DIR_PATH}/Podfile.lock",
				"${PODS_ROOT}/Manifest.lock",
			);
			name = "[CP] Check Pods Manifest.lock";
			outputFileListPaths = (
			);
			outputPaths = (
				"$(DERIVED_FILE_DIR)/Pods-TrainingRecord-checkManifestLockResult.txt",
			);
			runOnlyForDeploymentPostprocessing = 0;
			shellPath = /bin/sh;
			shellScript = "diff \"${PODS_PODFILE_DIR_PATH}/Podfile.lock\" \"${PODS_ROOT}/Manifest.lock\" > /dev/null\nif [ $? != 0 ] ; then\n    # print error to STDERR\n    echo \"error: The sandbox is not in sync with the Podfile.lock. Run 'pod install' or update your CocoaPods installation.\" >&2\n    exit 1\nfi\n# This output is used by Xcode 'outputs' to avoid re-running this script phase.\necho \"SUCCESS\" > \"${SCRIPT_OUTPUT_FILE_0}\"\n";
			showEnvVarsInLog = 0;
		};
		DCC2AF8326C2788F00087FA6 /* ShellScript */ = {
			isa = PBXShellScriptBuildPhase;
			buildActionMask = 2147483647;
			files = (
			);
			inputFileListPaths = (
			);
			inputPaths = (
				"${DWARF_DSYM_FOLDER_PATH}/${DWARF_DSYM_FILE_NAME}/Contents/Resources/DWARF/${TARGET_NAME}",
				"$(SRCROOT)/$(BUILT_PRODUCTS_DIR)/$(INFOPLIST_PATH)",
			);
			outputFileListPaths = (
			);
			outputPaths = (
			);
			runOnlyForDeploymentPostprocessing = 0;
			shellPath = /bin/sh;
			shellScript = "# Type a script or drag a script file from your workspace to insert its path.\n\"${PODS_ROOT}/FirebaseCrashlytics/run\"\n";
		};
/* End PBXShellScriptBuildPhase section */

/* Begin PBXSourcesBuildPhase section */
		DCC7D13326529D290040DFA8 /* Sources */ = {
			isa = PBXSourcesBuildPhase;
			buildActionMask = 2147483647;
			files = (
				DC96E66B26BA6F11003AD4CD /* MemberLoginViewController.swift in Sources */,
				DC96E66926B929F8003AD4CD /* MemberAlreadyLoginViewController.swift in Sources */,
				DC4169A426D2417700BFB4CB /* StringExtension.swift in Sources */,
				DC2276A4267F273C00D0EEF6 /* ManageTrainSetVC.swift in Sources */,
				DCEC8ED726C00A5F003CC74A /* ShareTableViewCell.swift in Sources */,
				DC7D8870266262AB008CFDAE /* TrainingItem+InfoitemForFireStore.swift in Sources */,
				DCC2AF8E26C50DD300087FA6 /* AVFoundation.swift in Sources */,
				DC52D03C26E84ADC00E13DB3 /* UIViewCapture.swift in Sources */,
				DCC7D13F26529D290040DFA8 /* TrainRecordHomeVC.swift in Sources */,
				DCA9E34326D60E1B00964F02 /* RemoveTrainingItemViewController.swift in Sources */,
				DC0D7A1E26E33DEA0067761D /* CVCCalenderViewController.swift in Sources */,
				DCA9E34526D60E4100964F02 /* EditTrainingItemViewController.swift in Sources */,
				DC25D8D22689F4B5002DB3B2 /* RecordItem.swift in Sources */,
				DC62BC1726A806CD00B245F6 /* SystemTableViewController.swift in Sources */,
				DCF82A0E26E9E67B009E74BD /* SharedTableViewCell.swift in Sources */,
				DC3B65CE26ECB7E600920590 /* UserNotificationWithCalendarTrigger.swift in Sources */,
				DC96E66D26BAC652003AD4CD /* SystemMemberViewController.swift in Sources */,
				DC5E7E9726EB2ACB008E1797 /* TrainingReminderViewController.swift in Sources */,
				DCC7D13B26529D290040DFA8 /* AppDelegate.swift in Sources */,
				DCC7D14526529D290040DFA8 /* TrainingRecord.xcdatamodeld in Sources */,
				DCC7D13D26529D290040DFA8 /* SceneDelegate.swift in Sources */,
				DC7F813C26F0F53B00439D0F /* ManageTrainingItem.swift in Sources */,
				DCA9913D26BBE71900C08E5D /* MemberUserDataToSystem.swift in Sources */,
				DC42096C26DE036F00518879 /* MBProgressHUD.m in Sources */,
				DC62BC1926A806F700B245F6 /* InfoTableViewController.swift in Sources */,
				DCF123AE2655011F00CB9307 /* NewTrainingItemViewController.swift in Sources */,
				DC00C5DF2685DFAF00161DBA /* Timer.swift in Sources */,
				DC96E66726B927AB003AD4CD /* MemberSignUpViewController.swift in Sources */,
				DC3D5BB626F18BAF00D10433 /* CoreDataHelper.swift in Sources */,
				DCEC8ED426BFBAC8003CC74A /* ShareViewController.swift in Sources */,
				DCF0A8F626DCC406000CB0E1 /* UIImageExtension.swift in Sources */,
			);
			runOnlyForDeploymentPostprocessing = 0;
		};
/* End PBXSourcesBuildPhase section */

/* Begin PBXVariantGroup section */
		DCC7D14026529D290040DFA8 /* Main.storyboard */ = {
			isa = PBXVariantGroup;
			children = (
				DC491B3726E7727D001CB228 /* Base */,
				DC3C59FB26EE1C9A00ED444A /* zh-Hant */,
			);
			name = Main.storyboard;
			sourceTree = "<group>";
		};
		DCC7D14826529D2C0040DFA8 /* LaunchScreen.storyboard */ = {
			isa = PBXVariantGroup;
			children = (
				DC491B3826E7727E001CB228 /* Base */,
				DC3C59FC26EE1CA700ED444A /* zh-Hant */,
			);
			name = LaunchScreen.storyboard;
			sourceTree = "<group>";
		};
/* End PBXVariantGroup section */

/* Begin XCBuildConfiguration section */
		DCC7D14C26529D2C0040DFA8 /* Debug */ = {
			isa = XCBuildConfiguration;
			buildSettings = {
				ALWAYS_SEARCH_USER_PATHS = NO;
				CLANG_ANALYZER_LOCALIZABILITY_NONLOCALIZED = YES;
				CLANG_ANALYZER_NONNULL = YES;
				CLANG_ANALYZER_NUMBER_OBJECT_CONVERSION = YES_AGGRESSIVE;
				CLANG_CXX_LANGUAGE_STANDARD = "gnu++14";
				CLANG_CXX_LIBRARY = "libc++";
				CLANG_ENABLE_MODULES = YES;
				CLANG_ENABLE_OBJC_ARC = YES;
				CLANG_ENABLE_OBJC_WEAK = YES;
				CLANG_WARN_BLOCK_CAPTURE_AUTORELEASING = YES;
				CLANG_WARN_BOOL_CONVERSION = YES;
				CLANG_WARN_COMMA = YES;
				CLANG_WARN_CONSTANT_CONVERSION = YES;
				CLANG_WARN_DEPRECATED_OBJC_IMPLEMENTATIONS = YES;
				CLANG_WARN_DIRECT_OBJC_ISA_USAGE = YES_ERROR;
				CLANG_WARN_DOCUMENTATION_COMMENTS = YES;
				CLANG_WARN_EMPTY_BODY = YES;
				CLANG_WARN_ENUM_CONVERSION = YES;
				CLANG_WARN_INFINITE_RECURSION = YES;
				CLANG_WARN_INT_CONVERSION = YES;
				CLANG_WARN_NON_LITERAL_NULL_CONVERSION = YES;
				CLANG_WARN_OBJC_IMPLICIT_RETAIN_SELF = YES;
				CLANG_WARN_OBJC_LITERAL_CONVERSION = YES;
				CLANG_WARN_OBJC_ROOT_CLASS = YES_ERROR;
				CLANG_WARN_QUOTED_INCLUDE_IN_FRAMEWORK_HEADER = YES;
				CLANG_WARN_RANGE_LOOP_ANALYSIS = YES;
				CLANG_WARN_STRICT_PROTOTYPES = YES;
				CLANG_WARN_SUSPICIOUS_MOVE = YES;
				CLANG_WARN_UNGUARDED_AVAILABILITY = YES_AGGRESSIVE;
				CLANG_WARN_UNREACHABLE_CODE = YES;
				CLANG_WARN__DUPLICATE_METHOD_MATCH = YES;
				COPY_PHASE_STRIP = NO;
				DEBUG_INFORMATION_FORMAT = dwarf;
				ENABLE_STRICT_OBJC_MSGSEND = YES;
				ENABLE_TESTABILITY = YES;
				GCC_C_LANGUAGE_STANDARD = gnu11;
				GCC_DYNAMIC_NO_PIC = NO;
				GCC_NO_COMMON_BLOCKS = YES;
				GCC_OPTIMIZATION_LEVEL = 0;
				GCC_PREPROCESSOR_DEFINITIONS = "DISABLE_PUSH_NOTIFICATIONS=1";
				GCC_WARN_64_TO_32_BIT_CONVERSION = YES;
				GCC_WARN_ABOUT_RETURN_TYPE = YES_ERROR;
				GCC_WARN_UNDECLARED_SELECTOR = YES;
				GCC_WARN_UNINITIALIZED_AUTOS = YES_AGGRESSIVE;
				GCC_WARN_UNUSED_FUNCTION = YES;
				GCC_WARN_UNUSED_VARIABLE = YES;
				IPHONEOS_DEPLOYMENT_TARGET = 13.0;
				MTL_ENABLE_DEBUG_INFO = INCLUDE_SOURCE;
				MTL_FAST_MATH = YES;
				ONLY_ACTIVE_ARCH = YES;
				SDKROOT = iphoneos;
				SWIFT_ACTIVE_COMPILATION_CONDITIONS = DEBUG;
				SWIFT_OPTIMIZATION_LEVEL = "-Onone";
			};
			name = Debug;
		};
		DCC7D14D26529D2C0040DFA8 /* Release */ = {
			isa = XCBuildConfiguration;
			buildSettings = {
				ALWAYS_SEARCH_USER_PATHS = NO;
				CLANG_ANALYZER_LOCALIZABILITY_NONLOCALIZED = YES;
				CLANG_ANALYZER_NONNULL = YES;
				CLANG_ANALYZER_NUMBER_OBJECT_CONVERSION = YES_AGGRESSIVE;
				CLANG_CXX_LANGUAGE_STANDARD = "gnu++14";
				CLANG_CXX_LIBRARY = "libc++";
				CLANG_ENABLE_MODULES = YES;
				CLANG_ENABLE_OBJC_ARC = YES;
				CLANG_ENABLE_OBJC_WEAK = YES;
				CLANG_WARN_BLOCK_CAPTURE_AUTORELEASING = YES;
				CLANG_WARN_BOOL_CONVERSION = YES;
				CLANG_WARN_COMMA = YES;
				CLANG_WARN_CONSTANT_CONVERSION = YES;
				CLANG_WARN_DEPRECATED_OBJC_IMPLEMENTATIONS = YES;
				CLANG_WARN_DIRECT_OBJC_ISA_USAGE = YES_ERROR;
				CLANG_WARN_DOCUMENTATION_COMMENTS = YES;
				CLANG_WARN_EMPTY_BODY = YES;
				CLANG_WARN_ENUM_CONVERSION = YES;
				CLANG_WARN_INFINITE_RECURSION = YES;
				CLANG_WARN_INT_CONVERSION = YES;
				CLANG_WARN_NON_LITERAL_NULL_CONVERSION = YES;
				CLANG_WARN_OBJC_IMPLICIT_RETAIN_SELF = YES;
				CLANG_WARN_OBJC_LITERAL_CONVERSION = YES;
				CLANG_WARN_OBJC_ROOT_CLASS = YES_ERROR;
				CLANG_WARN_QUOTED_INCLUDE_IN_FRAMEWORK_HEADER = YES;
				CLANG_WARN_RANGE_LOOP_ANALYSIS = YES;
				CLANG_WARN_STRICT_PROTOTYPES = YES;
				CLANG_WARN_SUSPICIOUS_MOVE = YES;
				CLANG_WARN_UNGUARDED_AVAILABILITY = YES_AGGRESSIVE;
				CLANG_WARN_UNREACHABLE_CODE = YES;
				CLANG_WARN__DUPLICATE_METHOD_MATCH = YES;
				COPY_PHASE_STRIP = NO;
				DEBUG_INFORMATION_FORMAT = "dwarf-with-dsym";
				ENABLE_NS_ASSERTIONS = NO;
				ENABLE_STRICT_OBJC_MSGSEND = YES;
				GCC_C_LANGUAGE_STANDARD = gnu11;
				GCC_NO_COMMON_BLOCKS = YES;
				GCC_PREPROCESSOR_DEFINITIONS = "DISABLE_PUSH_NOTIFICATIONS=1";
				GCC_WARN_64_TO_32_BIT_CONVERSION = YES;
				GCC_WARN_ABOUT_RETURN_TYPE = YES_ERROR;
				GCC_WARN_UNDECLARED_SELECTOR = YES;
				GCC_WARN_UNINITIALIZED_AUTOS = YES_AGGRESSIVE;
				GCC_WARN_UNUSED_FUNCTION = YES;
				GCC_WARN_UNUSED_VARIABLE = YES;
				IPHONEOS_DEPLOYMENT_TARGET = 13.0;
				MTL_ENABLE_DEBUG_INFO = NO;
				MTL_FAST_MATH = YES;
				SDKROOT = iphoneos;
				SWIFT_COMPILATION_MODE = wholemodule;
				SWIFT_OPTIMIZATION_LEVEL = "-O";
				VALIDATE_PRODUCT = YES;
			};
			name = Release;
		};
		DCC7D14F26529D2C0040DFA8 /* Debug */ = {
			isa = XCBuildConfiguration;
			baseConfigurationReference = 327C17A402412E3E5D897535 /* Pods-TrainingRecord.debug.xcconfig */;
			buildSettings = {
				ASSETCATALOG_COMPILER_APPICON_NAME = AppIcon;
				ASSETCATALOG_COMPILER_GLOBAL_ACCENT_COLOR_NAME = AccentColor;
				CLANG_ENABLE_MODULES = YES;
				CODE_SIGN_ALLOW_ENTITLEMENTS_MODIFICATION = YES;
				CODE_SIGN_ENTITLEMENTS = TrainingRecord/TrainingRecord.entitlements;
				CODE_SIGN_STYLE = Automatic;
				CURRENT_PROJECT_VERSION = 1;
				DEBUG_INFORMATION_FORMAT = "dwarf-with-dsym";
				DEVELOPMENT_TEAM = 6W5M45K45X;
				INFOPLIST_FILE = TrainingRecord/Info.plist;
				LD_RUNPATH_SEARCH_PATHS = (
					"$(inherited)",
					"@executable_path/Frameworks",
				);
				MARKETING_VERSION = 1.0.9;
				PRODUCT_BUNDLE_IDENTIFIER = "ST-Chiou.TrainingRecord";
				PRODUCT_NAME = "$(TARGET_NAME)";
				SWIFT_OBJC_BRIDGING_HEADER = "TrainingRecord/Model/TrainingRecord-Bridging-Header.h";
				SWIFT_OPTIMIZATION_LEVEL = "-Onone";
				SWIFT_VERSION = 5.0;
				TARGETED_DEVICE_FAMILY = "1,2";
			};
			name = Debug;
		};
		DCC7D15026529D2C0040DFA8 /* Release */ = {
			isa = XCBuildConfiguration;
			baseConfigurationReference = 0C60D6D0CE30E107ED5C95EF /* Pods-TrainingRecord.release.xcconfig */;
			buildSettings = {
				ASSETCATALOG_COMPILER_APPICON_NAME = AppIcon;
				ASSETCATALOG_COMPILER_GLOBAL_ACCENT_COLOR_NAME = AccentColor;
				CLANG_ENABLE_MODULES = YES;
				CODE_SIGN_ALLOW_ENTITLEMENTS_MODIFICATION = YES;
				CODE_SIGN_ENTITLEMENTS = TrainingRecord/TrainingRecord.entitlements;
				CODE_SIGN_STYLE = Automatic;
				CURRENT_PROJECT_VERSION = 1;
				DEBUG_INFORMATION_FORMAT = "dwarf-with-dsym";
				DEVELOPMENT_TEAM = 6W5M45K45X;
				INFOPLIST_FILE = TrainingRecord/Info.plist;
				LD_RUNPATH_SEARCH_PATHS = (
					"$(inherited)",
					"@executable_path/Frameworks",
				);
				MARKETING_VERSION = 1.0.9;
				PRODUCT_BUNDLE_IDENTIFIER = "ST-Chiou.TrainingRecord";
				PRODUCT_NAME = "$(TARGET_NAME)";
				SWIFT_OBJC_BRIDGING_HEADER = "TrainingRecord/Model/TrainingRecord-Bridging-Header.h";
				SWIFT_VERSION = 5.0;
				TARGETED_DEVICE_FAMILY = "1,2";
			};
			name = Release;
		};
/* End XCBuildConfiguration section */

/* Begin XCConfigurationList section */
		DCC7D13226529D290040DFA8 /* Build configuration list for PBXProject "健身小幫手" */ = {
			isa = XCConfigurationList;
			buildConfigurations = (
				DCC7D14C26529D2C0040DFA8 /* Debug */,
				DCC7D14D26529D2C0040DFA8 /* Release */,
			);
			defaultConfigurationIsVisible = 0;
			defaultConfigurationName = Release;
		};
		DCC7D14E26529D2C0040DFA8 /* Build configuration list for PBXNativeTarget "健身小幫手" */ = {
			isa = XCConfigurationList;
			buildConfigurations = (
				DCC7D14F26529D2C0040DFA8 /* Debug */,
				DCC7D15026529D2C0040DFA8 /* Release */,
			);
			defaultConfigurationIsVisible = 0;
			defaultConfigurationName = Release;
		};
/* End XCConfigurationList section */

/* Begin XCVersionGroup section */
		DCC7D14326529D290040DFA8 /* TrainingRecord.xcdatamodeld */ = {
			isa = XCVersionGroup;
			children = (
				DCC7D14426529D290040DFA8 /* TrainingRecord.xcdatamodel */,
			);
			currentVersion = DCC7D14426529D290040DFA8 /* TrainingRecord.xcdatamodel */;
			path = TrainingRecord.xcdatamodeld;
			sourceTree = "<group>";
			versionGroupType = wrapper.xcdatamodel;
		};
/* End XCVersionGroup section */
	};
	rootObject = DCC7D12F26529D290040DFA8 /* Project object */;
}
